
Microsoft Visual Studio Solution File, Format Version 12.00
# Visual Studio Version 17
VisualStudioVersion = 17.4.33213.308
MinimumVisualStudioVersion = 10.0.40219.1
Project("{FAE04EC0-301F-11D3-BF4B-00C04F79EFBC}") = "CostLivingCalculator", "CostLivingCalculator\CostLivingCalculator.csproj", "{FC91875D-1EE2-4819-A8B7-0C270E151F07}"
EndProject
Global
	GlobalSection(SolutionConfigurationPlatforms) = preSolution
		Debug|Any CPU = Debug|Any CPU
		Release|Any CPU = Release|Any CPU
	EndGlobalSection
	GlobalSection(ProjectConfigurationPlatforms) = postSolution
		{FC91875D-1EE2-4819-A8B7-0C270E151F07}.Debug|Any CPU.ActiveCfg = Debug|Any CPU
		{FC91875D-1EE2-4819-A8B7-0C270E151F07}.Debug|Any CPU.Build.0 = Debug|Any CPU
		{FC91875D-1EE2-4819-A8B7-0C270E151F07}.Release|Any CPU.ActiveCfg = Release|Any CPU
		{FC91875D-1EE2-4819-A8B7-0C270E151F07}.Release|Any CPU.Build.0 = Release|Any CPU
	EndGlobalSection
	GlobalSection(SolutionProperties) = preSolution
		HideSolutionNode = FALSE
	EndGlobalSection
	GlobalSection(ExtensibilityGlobals) = postSolution
		SolutionGuid = {CB387AEA-0A30-4339-A4F1-A89E49F3A4DE}
	EndGlobalSection
EndGlobal
